
Microsoft Visual Studio Solution File, Format Version 12.00
# Visual Studio Version 17
VisualStudioVersion = 17.14.37027.9
MinimumVisualStudioVersion = 10.0.40219.1
Project("{FAE04EC0-301F-11D3-BF4B-00C04F79EFBC}") = "Gymaui_App", "Gymaui_App\Gymaui_App.csproj", "{835B7742-1C18-46E5-B9E5-F30A25D55F99}"
EndProject
Global
	GlobalSection(SolutionConfigurationPlatforms) = preSolution
		Debug|Any CPU = Debug|Any CPU
		Release|Any CPU = Release|Any CPU
	EndGlobalSection
	GlobalSection(ProjectConfigurationPlatforms) = postSolution
		{835B7742-1C18-46E5-B9E5-F30A25D55F99}.Debug|Any CPU.ActiveCfg = Debug|Any CPU
		{835B7742-1C18-46E5-B9E5-F30A25D55F99}.Debug|Any CPU.Build.0 = Debug|Any CPU
		{835B7742-1C18-46E5-B9E5-F30A25D55F99}.Debug|Any CPU.Deploy.0 = Debug|Any CPU
		{835B7742-1C18-46E5-B9E5-F30A25D55F99}.Release|Any CPU.ActiveCfg = Release|Any CPU
		{835B7742-1C18-46E5-B9E5-F30A25D55F99}.Release|Any CPU.Build.0 = Release|Any CPU
	EndGlobalSection
	GlobalSection(SolutionProperties) = preSolution
		HideSolutionNode = FALSE
	EndGlobalSection
	GlobalSection(ExtensibilityGlobals) = postSolution
		SolutionGuid = {974BBC34-8BE7-4791-8477-CE0115118BFD}
	EndGlobalSection
EndGlobal
